
Microsoft Visual Studio Solution File, Format Version 12.00
# Visual Studio Version 17
VisualStudioVersion = 17.9.34728.123
MinimumVisualStudioVersion = 10.0.40219.1
Project("{FAE04EC0-301F-11D3-BF4B-00C04F79EFBC}") = "sumaPromedio", "sumaPromedio.csproj", "{55114A01-BAB0-4E77-B112-99C1AC5BCA2F}"
EndProject
Global
	GlobalSection(SolutionConfigurationPlatforms) = preSolution
		Debug|Any CPU = Debug|Any CPU
		Release|Any CPU = Release|Any CPU
	EndGlobalSection
	GlobalSection(ProjectConfigurationPlatforms) = postSolution
		{55114A01-BAB0-4E77-B112-99C1AC5BCA2F}.Debug|Any CPU.ActiveCfg = Debug|Any CPU
		{55114A01-BAB0-4E77-B112-99C1AC5BCA2F}.Debug|Any CPU.Build.0 = Debug|Any CPU
		{55114A01-BAB0-4E77-B112-99C1AC5BCA2F}.Release|Any CPU.ActiveCfg = Release|Any CPU
		{55114A01-BAB0-4E77-B112-99C1AC5BCA2F}.Release|Any CPU.Build.0 = Release|Any CPU
	EndGlobalSection
	GlobalSection(SolutionProperties) = preSolution
		HideSolutionNode = FALSE
	EndGlobalSection
	GlobalSection(ExtensibilityGlobals) = postSolution
		SolutionGuid = {3D876A7E-0DDB-4AA6-87FB-2266909BEAEB}
	EndGlobalSection
EndGlobal
